
Microsoft Visual Studio Solution File, Format Version 12.00
# Visual Studio Version 17
VisualStudioVersion = 17.5.002.0
MinimumVisualStudioVersion = 10.0.40219.1
Project("{9A19103F-16F7-4668-BE54-9A1E7A4F7556}") = "prprpr24", "prprpr24.csproj", "{D11BFA67-5E16-406A-8650-CBA8D7656294}"
EndProject
Global
	GlobalSection(SolutionConfigurationPlatforms) = preSolution
		Debug|Any CPU = Debug|Any CPU
		Release|Any CPU = Release|Any CPU
	EndGlobalSection
	GlobalSection(ProjectConfigurationPlatforms) = postSolution
		{D11BFA67-5E16-406A-8650-CBA8D7656294}.Debug|Any CPU.ActiveCfg = Debug|Any CPU
		{D11BFA67-5E16-406A-8650-CBA8D7656294}.Debug|Any CPU.Build.0 = Debug|Any CPU
		{D11BFA67-5E16-406A-8650-CBA8D7656294}.Release|Any CPU.ActiveCfg = Release|Any CPU
		{D11BFA67-5E16-406A-8650-CBA8D7656294}.Release|Any CPU.Build.0 = Release|Any CPU
	EndGlobalSection
	GlobalSection(SolutionProperties) = preSolution
		HideSolutionNode = FALSE
	EndGlobalSection
	GlobalSection(ExtensibilityGlobals) = postSolution
		SolutionGuid = {06A24888-6F31-4799-BD7D-36A7CEE8C545}
	EndGlobalSection
EndGlobal
